
Microsoft Visual Studio Solution File, Format Version 12.00
# Visual Studio 2012
Project("{FAE04EC0-301F-11D3-BF4B-00C04F79EFBC}") = "Server", "Server\Server.csproj", "{B0F05A73-A495-41A2-9A44-E8421CAB72A8}"
EndProject
Project("{FAE04EC0-301F-11D3-BF4B-00C04F79EFBC}") = "Client", "Client\Client.csproj", "{50AD5634-EC05-4304-B5BC-224D88C36888}"
EndProject
Project("{FAE04EC0-301F-11D3-BF4B-00C04F79EFBC}") = "CommonLib", "CommonLib\CommonLib.csproj", "{47ADFDA7-35AE-4EA3-AE70-63F7374FB79B}"
EndProject
Global
	GlobalSection(SolutionConfigurationPlatforms) = preSolution
		Debug|Any CPU = Debug|Any CPU
		Release|Any CPU = Release|Any CPU
	EndGlobalSection
	GlobalSection(ProjectConfigurationPlatforms) = postSolution
		{B0F05A73-A495-41A2-9A44-E8421CAB72A8}.Debug|Any CPU.ActiveCfg = Debug|Any CPU
		{B0F05A73-A495-41A2-9A44-E8421CAB72A8}.Debug|Any CPU.Build.0 = Debug|Any CPU
		{B0F05A73-A495-41A2-9A44-E8421CAB72A8}.Release|Any CPU.ActiveCfg = Release|Any CPU
		{B0F05A73-A495-41A2-9A44-E8421CAB72A8}.Release|Any CPU.Build.0 = Release|Any CPU
		{50AD5634-EC05-4304-B5BC-224D88C36888}.Debug|Any CPU.ActiveCfg = Debug|Any CPU
		{50AD5634-EC05-4304-B5BC-224D88C36888}.Debug|Any CPU.Build.0 = Debug|Any CPU
		{50AD5634-EC05-4304-B5BC-224D88C36888}.Release|Any CPU.ActiveCfg = Release|Any CPU
		{50AD5634-EC05-4304-B5BC-224D88C36888}.Release|Any CPU.Build.0 = Release|Any CPU
		{47ADFDA7-35AE-4EA3-AE70-63F7374FB79B}.Debug|Any CPU.ActiveCfg = Debug|Any CPU
		{47ADFDA7-35AE-4EA3-AE70-63F7374FB79B}.Debug|Any CPU.Build.0 = Debug|Any CPU
		{47ADFDA7-35AE-4EA3-AE70-63F7374FB79B}.Release|Any CPU.ActiveCfg = Release|Any CPU
		{47ADFDA7-35AE-4EA3-AE70-63F7374FB79B}.Release|Any CPU.Build.0 = Release|Any CPU
	EndGlobalSection
	GlobalSection(SolutionProperties) = preSolution
		HideSolutionNode = FALSE
	EndGlobalSection
EndGlobal
